// !$*UTF8*$!
{
	archiveVersion = 1;
	classes = {
	};
	objectVersion = 56;
	objects = {

/* Begin PBXBuildFile section */
		6D5932152C0D57C500DE34B5 /* AppDelegate.swift in Sources */ = {isa = PBXBuildFile; fileRef = 6D5932142C0D57C500DE34B5 /* AppDelegate.swift */; };
		6D5932172C0D57C500DE34B5 /* SceneDelegate.swift in Sources */ = {isa = PBXBuildFile; fileRef = 6D5932162C0D57C500DE34B5 /* SceneDelegate.swift */; };
		6D5932192C0D57C500DE34B5 /* ViewController.swift in Sources */ = {isa = PBXBuildFile; fileRef = 6D5932182C0D57C500DE34B5 /* ViewController.swift */; };
		6D59321E2C0D57C600DE34B5 /* Assets.xcassets in Resources */ = {isa = PBXBuildFile; fileRef = 6D59321D2C0D57C600DE34B5 /* Assets.xcassets */; };
		6D5932212C0D57C600DE34B5 /* LaunchScreen.storyboard in Resources */ = {isa = PBXBuildFile; fileRef = 6D59321F2C0D57C600DE34B5 /* LaunchScreen.storyboard */; };
		6D59322C2C0D57C600DE34B5 /* SwiftDataStructureTests.swift in Sources */ = {isa = PBXBuildFile; fileRef = 6D59322B2C0D57C600DE34B5 /* SwiftDataStructureTests.swift */; };
		6D5932362C0D57C600DE34B5 /* SwiftDataStructureUITests.swift in Sources */ = {isa = PBXBuildFile; fileRef = 6D5932352C0D57C600DE34B5 /* SwiftDataStructureUITests.swift */; };
		6D5932382C0D57C600DE34B5 /* SwiftDataStructureUITestsLaunchTests.swift in Sources */ = {isa = PBXBuildFile; fileRef = 6D5932372C0D57C600DE34B5 /* SwiftDataStructureUITestsLaunchTests.swift */; };
		6D5932452C0D765400DE34B5 /* SinglyLinkedList.swift in Sources */ = {isa = PBXBuildFile; fileRef = 6D5932442C0D765400DE34B5 /* SinglyLinkedList.swift */; };
		6D5932482C0D833400DE34B5 /* DoublyLinkedList.swift in Sources */ = {isa = PBXBuildFile; fileRef = 6D5932472C0D833400DE34B5 /* DoublyLinkedList.swift */; };
		6D59324A2C0D876C00DE34B5 /* CircularLinkedList.swift in Sources */ = {isa = PBXBuildFile; fileRef = 6D5932492C0D876C00DE34B5 /* CircularLinkedList.swift */; };
		6D5932502C0D8ECC00DE34B5 /* Stack.swift in Sources */ = {isa = PBXBuildFile; fileRef = 6D59324F2C0D8ECC00DE34B5 /* Stack.swift */; };
		6D5932522C0D977700DE34B5 /* QueueArray.swift in Sources */ = {isa = PBXBuildFile; fileRef = 6D5932512C0D977700DE34B5 /* QueueArray.swift */; };
		6D5932542C0D9AD500DE34B5 /* QueueLinkedList.swift in Sources */ = {isa = PBXBuildFile; fileRef = 6D5932532C0D9AD500DE34B5 /* QueueLinkedList.swift */; };
		6DA66F232C167F3C00D7F676 /* Tree.swift in Sources */ = {isa = PBXBuildFile; fileRef = 6DA66F222C167F3C00D7F676 /* Tree.swift */; };
		6DA66F412C17C93700D7F676 /* BinaryNode.swift in Sources */ = {isa = PBXBuildFile; fileRef = 6DA66F402C17C93700D7F676 /* BinaryNode.swift */; };
/* End PBXBuildFile section */

/* Begin PBXContainerItemProxy section */
		6D5932282C0D57C600DE34B5 /* PBXContainerItemProxy */ = {
			isa = PBXContainerItemProxy;
			containerPortal = 6D5932092C0D57C500DE34B5 /* Project object */;
			proxyType = 1;
			remoteGlobalIDString = 6D5932102C0D57C500DE34B5;
			remoteInfo = SwiftDataStructure;
		};
		6D5932322C0D57C600DE34B5 /* PBXContainerItemProxy */ = {
			isa = PBXContainerItemProxy;
			containerPortal = 6D5932092C0D57C500DE34B5 /* Project object */;
			proxyType = 1;
			remoteGlobalIDString = 6D5932102C0D57C500DE34B5;
			remoteInfo = SwiftDataStructure;
		};
/* End PBXContainerItemProxy section */

/* Begin PBXFileReference section */
		6D5932112C0D57C500DE34B5 /* SwiftDataStructure.app */ = {isa = PBXFileReference; explicitFileType = wrapper.application; includeInIndex = 0; path = SwiftDataStructure.app; sourceTree = BUILT_PRODUCTS_DIR; };
		6D5932142C0D57C500DE34B5 /* AppDelegate.swift */ = {isa = PBXFileReference; lastKnownFileType = sourcecode.swift; path = AppDelegate.swift; sourceTree = "<group>"; };
		6D5932162C0D57C500DE34B5 /* SceneDelegate.swift */ = {isa = PBXFileReference; lastKnownFileType = sourcecode.swift; path = SceneDelegate.swift; sourceTree = "<group>"; };
		6D5932182C0D57C500DE34B5 /* ViewController.swift */ = {isa = PBXFileReference; lastKnownFileType = sourcecode.swift; path = ViewController.swift; sourceTree = "<group>"; };
		6D59321D2C0D57C600DE34B5 /* Assets.xcassets */ = {isa = PBXFileReference; lastKnownFileType = folder.assetcatalog; path = Assets.xcassets; sourceTree = "<group>"; };
		6D5932202C0D57C600DE34B5 /* Base */ = {isa = PBXFileReference; lastKnownFileType = file.storyboard; name = Base; path = Base.lproj/LaunchScreen.storyboard; sourceTree = "<group>"; };
		6D5932222C0D57C600DE34B5 /* Info.plist */ = {isa = PBXFileReference; lastKnownFileType = text.plist.xml; path = Info.plist; sourceTree = "<group>"; };
		6D5932272C0D57C600DE34B5 /* SwiftDataStructureTests.xctest */ = {isa = PBXFileReference; explicitFileType = wrapper.cfbundle; includeInIndex = 0; path = SwiftDataStructureTests.xctest; sourceTree = BUILT_PRODUCTS_DIR; };
		6D59322B2C0D57C600DE34B5 /* SwiftDataStructureTests.swift */ = {isa = PBXFileReference; lastKnownFileType = sourcecode.swift; path = SwiftDataStructureTests.swift; sourceTree = "<group>"; };
		6D5932312C0D57C600DE34B5 /* SwiftDataStructureUITests.xctest */ = {isa = PBXFileReference; explicitFileType = wrapper.cfbundle; includeInIndex = 0; path = SwiftDataStructureUITests.xctest; sourceTree = BUILT_PRODUCTS_DIR; };
		6D5932352C0D57C600DE34B5 /* SwiftDataStructureUITests.swift */ = {isa = PBXFileReference; lastKnownFileType = sourcecode.swift; path = SwiftDataStructureUITests.swift; sourceTree = "<group>"; };
		6D5932372C0D57C600DE34B5 /* SwiftDataStructureUITestsLaunchTests.swift */ = {isa = PBXFileReference; lastKnownFileType = sourcecode.swift; path = SwiftDataStructureUITestsLaunchTests.swift; sourceTree = "<group>"; };
		6D5932442C0D765400DE34B5 /* SinglyLinkedList.swift */ = {isa = PBXFileReference; lastKnownFileType = sourcecode.swift; path = SinglyLinkedList.swift; sourceTree = "<group>"; };
		6D5932472C0D833400DE34B5 /* DoublyLinkedList.swift */ = {isa = PBXFileReference; lastKnownFileType = sourcecode.swift; path = DoublyLinkedList.swift; sourceTree = "<group>"; };
		6D5932492C0D876C00DE34B5 /* CircularLinkedList.swift */ = {isa = PBXFileReference; lastKnownFileType = sourcecode.swift; path = CircularLinkedList.swift; sourceTree = "<group>"; };
		6D59324F2C0D8ECC00DE34B5 /* Stack.swift */ = {isa = PBXFileReference; lastKnownFileType = sourcecode.swift; path = Stack.swift; sourceTree = "<group>"; };
		6D5932512C0D977700DE34B5 /* QueueArray.swift */ = {isa = PBXFileReference; lastKnownFileType = sourcecode.swift; path = QueueArray.swift; sourceTree = "<group>"; };
		6D5932532C0D9AD500DE34B5 /* QueueLinkedList.swift */ = {isa = PBXFileReference; lastKnownFileType = sourcecode.swift; path = QueueLinkedList.swift; sourceTree = "<group>"; };
		6DA66F222C167F3C00D7F676 /* Tree.swift */ = {isa = PBXFileReference; lastKnownFileType = sourcecode.swift; path = Tree.swift; sourceTree = "<group>"; };
		6DA66F402C17C93700D7F676 /* BinaryNode.swift */ = {isa = PBXFileReference; lastKnownFileType = sourcecode.swift; path = BinaryNode.swift; sourceTree = "<group>"; };
/* End PBXFileReference section */

/* Begin PBXFrameworksBuildPhase section */
		6D59320E2C0D57C500DE34B5 /* Frameworks */ = {
			isa = PBXFrameworksBuildPhase;
			buildActionMask = 2147483647;
			files = (
			);
			runOnlyForDeploymentPostprocessing = 0;
		};
		6D5932242C0D57C600DE34B5 /* Frameworks */ = {
			isa = PBXFrameworksBuildPhase;
			buildActionMask = 2147483647;
			files = (
			);
			runOnlyForDeploymentPostprocessing = 0;
		};
		6D59322E2C0D57C600DE34B5 /* Frameworks */ = {
			isa = PBXFrameworksBuildPhase;
			buildActionMask = 2147483647;
			files = (
			);
			runOnlyForDeploymentPostprocessing = 0;
		};
/* End PBXFrameworksBuildPhase section */

/* Begin PBXGroup section */
		6D5932082C0D57C500DE34B5 = {
			isa = PBXGroup;
			children = (
				6D5932132C0D57C500DE34B5 /* SwiftDataStructure */,
				6D59322A2C0D57C600DE34B5 /* SwiftDataStructureTests */,
				6D5932342C0D57C600DE34B5 /* SwiftDataStructureUITests */,
				6D5932122C0D57C500DE34B5 /* Products */,
			);
			sourceTree = "<group>";
		};
		6D5932122C0D57C500DE34B5 /* Products */ = {
			isa = PBXGroup;
			children = (
				6D5932112C0D57C500DE34B5 /* SwiftDataStructure.app */,
				6D5932272C0D57C600DE34B5 /* SwiftDataStructureTests.xctest */,
				6D5932312C0D57C600DE34B5 /* SwiftDataStructureUITests.xctest */,
			);
			name = Products;
			sourceTree = "<group>";
		};
		6D5932132C0D57C500DE34B5 /* SwiftDataStructure */ = {
			isa = PBXGroup;
			children = (
				6D59324D2C0D89DF00DE34B5 /* App */,
				6D59324E2C0D8EC300DE34B5 /* Stack, Queue */,
				6D5932462C0D831C00DE34B5 /* LinkedList */,
				6DA66F212C167F2B00D7F676 /* Tree */,
				6D5932182C0D57C500DE34B5 /* ViewController.swift */,
				6D59321D2C0D57C600DE34B5 /* Assets.xcassets */,
				6D59321F2C0D57C600DE34B5 /* LaunchScreen.storyboard */,
				6D5932222C0D57C600DE34B5 /* Info.plist */,
			);
			path = SwiftDataStructure;
			sourceTree = "<group>";
		};
		6D59322A2C0D57C600DE34B5 /* SwiftDataStructureTests */ = {
			isa = PBXGroup;
			children = (
				6D59322B2C0D57C600DE34B5 /* SwiftDataStructureTests.swift */,
			);
			path = SwiftDataStructureTests;
			sourceTree = "<group>";
		};
		6D5932342C0D57C600DE34B5 /* SwiftDataStructureUITests */ = {
			isa = PBXGroup;
			children = (
				6D5932352C0D57C600DE34B5 /* SwiftDataStructureUITests.swift */,
				6D5932372C0D57C600DE34B5 /* SwiftDataStructureUITestsLaunchTests.swift */,
			);
			path = SwiftDataStructureUITests;
			sourceTree = "<group>";
		};
		6D5932462C0D831C00DE34B5 /* LinkedList */ = {
			isa = PBXGroup;
			children = (
				6D5932442C0D765400DE34B5 /* SinglyLinkedList.swift */,
				6D5932472C0D833400DE34B5 /* DoublyLinkedList.swift */,
				6D5932492C0D876C00DE34B5 /* CircularLinkedList.swift */,
			);
			path = LinkedList;
			sourceTree = "<group>";
		};
		6D59324D2C0D89DF00DE34B5 /* App */ = {
			isa = PBXGroup;
			children = (
				6D5932142C0D57C500DE34B5 /* AppDelegate.swift */,
				6D5932162C0D57C500DE34B5 /* SceneDelegate.swift */,
			);
			path = App;
			sourceTree = "<group>";
		};
		6D59324E2C0D8EC300DE34B5 /* Stack, Queue */ = {
			isa = PBXGroup;
			children = (
				6D59324F2C0D8ECC00DE34B5 /* Stack.swift */,
				6D5932512C0D977700DE34B5 /* QueueArray.swift */,
				6D5932532C0D9AD500DE34B5 /* QueueLinkedList.swift */,
			);
			path = "Stack, Queue";
			sourceTree = "<group>";
		};
		6DA66F212C167F2B00D7F676 /* Tree */ = {
			isa = PBXGroup;
			children = (
				6DA66F222C167F3C00D7F676 /* Tree.swift */,
				6DA66F402C17C93700D7F676 /* BinaryNode.swift */,
			);
			path = Tree;
			sourceTree = "<group>";
		};
/* End PBXGroup section */

/* Begin PBXNativeTarget section */
		6D5932102C0D57C500DE34B5 /* SwiftDataStructure */ = {
			isa = PBXNativeTarget;
			buildConfigurationList = 6D59323B2C0D57C600DE34B5 /* Build configuration list for PBXNativeTarget "SwiftDataStructure" */;
			buildPhases = (
				6D59320D2C0D57C500DE34B5 /* Sources */,
				6D59320E2C0D57C500DE34B5 /* Frameworks */,
				6D59320F2C0D57C500DE34B5 /* Resources */,
			);
			buildRules = (
			);
			dependencies = (
			);
			name = SwiftDataStructure;
			productName = SwiftDataStructure;
			productReference = 6D5932112C0D57C500DE34B5 /* SwiftDataStructure.app */;
			productType = "com.apple.product-type.application";
		};
		6D5932262C0D57C600DE34B5 /* SwiftDataStructureTests */ = {
			isa = PBXNativeTarget;
			buildConfigurationList = 6D59323E2C0D57C600DE34B5 /* Build configuration list for PBXNativeTarget "SwiftDataStructureTests" */;
			buildPhases = (
				6D5932232C0D57C600DE34B5 /* Sources */,
				6D5932242C0D57C600DE34B5 /* Frameworks */,
				6D5932252C0D57C600DE34B5 /* Resources */,
			);
			buildRules = (
			);
			dependencies = (
				6D5932292C0D57C600DE34B5 /* PBXTargetDependency */,
			);
			name = SwiftDataStructureTests;
			productName = SwiftDataStructureTests;
			productReference = 6D5932272C0D57C600DE34B5 /* SwiftDataStructureTests.xctest */;
			productType = "com.apple.product-type.bundle.unit-test";
		};
		6D5932302C0D57C600DE34B5 /* SwiftDataStructureUITests */ = {
			isa = PBXNativeTarget;
			buildConfigurationList = 6D5932412C0D57C600DE34B5 /* Build configuration list for PBXNativeTarget "SwiftDataStructureUITests" */;
			buildPhases = (
				6D59322D2C0D57C600DE34B5 /* Sources */,
				6D59322E2C0D57C600DE34B5 /* Frameworks */,
				6D59322F2C0D57C600DE34B5 /* Resources */,
			);
			buildRules = (
			);
			dependencies = (
				6D5932332C0D57C600DE34B5 /* PBXTargetDependency */,
			);
			name = SwiftDataStructureUITests;
			productName = SwiftDataStructureUITests;
			productReference = 6D5932312C0D57C600DE34B5 /* SwiftDataStructureUITests.xctest */;
			productType = "com.apple.product-type.bundle.ui-testing";
		};
/* End PBXNativeTarget section */

/* Begin PBXProject section */
		6D5932092C0D57C500DE34B5 /* Project object */ = {
			isa = PBXProject;
			attributes = {
				BuildIndependentTargetsInParallel = 1;
				LastSwiftUpdateCheck = 1520;
				LastUpgradeCheck = 1520;
				TargetAttributes = {
					6D5932102C0D57C500DE34B5 = {
						CreatedOnToolsVersion = 15.2;
					};
					6D5932262C0D57C600DE34B5 = {
						CreatedOnToolsVersion = 15.2;
						TestTargetID = 6D5932102C0D57C500DE34B5;
					};
					6D5932302C0D57C600DE34B5 = {
						CreatedOnToolsVersion = 15.2;
						TestTargetID = 6D5932102C0D57C500DE34B5;
					};
				};
			};
			buildConfigurationList = 6D59320C2C0D57C500DE34B5 /* Build configuration list for PBXProject "SwiftDataStructure" */;
			compatibilityVersion = "Xcode 14.0";
			developmentRegion = en;
			hasScannedForEncodings = 0;
			knownRegions = (
				en,
				Base,
			);
			mainGroup = 6D5932082C0D57C500DE34B5;
			productRefGroup = 6D5932122C0D57C500DE34B5 /* Products */;
			projectDirPath = "";
			projectRoot = "";
			targets = (
				6D5932102C0D57C500DE34B5 /* SwiftDataStructure */,
				6D5932262C0D57C600DE34B5 /* SwiftDataStructureTests */,
				6D5932302C0D57C600DE34B5 /* SwiftDataStructureUITests */,
			);
		};
/* End PBXProject section */

/* Begin PBXResourcesBuildPhase section */
		6D59320F2C0D57C500DE34B5 /* Resources */ = {
			isa = PBXResourcesBuildPhase;
			buildActionMask = 2147483647;
			files = (
				6D5932212C0D57C600DE34B5 /* LaunchScreen.storyboard in Resources */,
				6D59321E2C0D57C600DE34B5 /* Assets.xcassets in Resources */,
			);
			runOnlyForDeploymentPostprocessing = 0;
		};
		6D5932252C0D57C600DE34B5 /* Resources */ = {
			isa = PBXResourcesBuildPhase;
			buildActionMask = 2147483647;
			files = (
			);
			runOnlyForDeploymentPostprocessing = 0;
		};
		6D59322F2C0D57C600DE34B5 /* Resources */ = {
			isa = PBXResourcesBuildPhase;
			buildActionMask = 2147483647;
			files = (
			);
			runOnlyForDeploymentPostprocessing = 0;
		};
/* End PBXResourcesBuildPhase section */

/* Begin PBXSourcesBuildPhase section */
		6D59320D2C0D57C500DE34B5 /* Sources */ = {
			isa = PBXSourcesBuildPhase;
			buildActionMask = 2147483647;
			files = (
				6D5932482C0D833400DE34B5 /* DoublyLinkedList.swift in Sources */,
				6D59324A2C0D876C00DE34B5 /* CircularLinkedList.swift in Sources */,
				6D5932502C0D8ECC00DE34B5 /* Stack.swift in Sources */,
				6D5932522C0D977700DE34B5 /* QueueArray.swift in Sources */,
				6D5932192C0D57C500DE34B5 /* ViewController.swift in Sources */,
				6DA66F232C167F3C00D7F676 /* Tree.swift in Sources */,
				6D5932152C0D57C500DE34B5 /* AppDelegate.swift in Sources */,
				6DA66F412C17C93700D7F676 /* BinaryNode.swift in Sources */,
				6D5932542C0D9AD500DE34B5 /* QueueLinkedList.swift in Sources */,
				6D5932452C0D765400DE34B5 /* SinglyLinkedList.swift in Sources */,
				6D5932172C0D57C500DE34B5 /* SceneDelegate.swift in Sources */,
			);
			runOnlyForDeploymentPostprocessing = 0;
		};
		6D5932232C0D57C600DE34B5 /* Sources */ = {
			isa = PBXSourcesBuildPhase;
			buildActionMask = 2147483647;
			files = (
				6D59322C2C0D57C600DE34B5 /* SwiftDataStructureTests.swift in Sources */,
			);
			runOnlyForDeploymentPostprocessing = 0;
		};
		6D59322D2C0D57C600DE34B5 /* Sources */ = {
			isa = PBXSourcesBuildPhase;
			buildActionMask = 2147483647;
			files = (
				6D5932382C0D57C600DE34B5 /* SwiftDataStructureUITestsLaunchTests.swift in Sources */,
				6D5932362C0D57C600DE34B5 /* SwiftDataStructureUITests.swift in Sources */,
			);
			runOnlyForDeploymentPostprocessing = 0;
		};
/* End PBXSourcesBuildPhase section */

/* Begin PBXTargetDependency section */
		6D5932292C0D57C600DE34B5 /* PBXTargetDependency */ = {
			isa = PBXTargetDependency;
			target = 6D5932102C0D57C500DE34B5 /* SwiftDataStructure */;
			targetProxy = 6D5932282C0D57C600DE34B5 /* PBXContainerItemProxy */;
		};
		6D5932332C0D57C600DE34B5 /* PBXTargetDependency */ = {
			isa = PBXTargetDependency;
			target = 6D5932102C0D57C500DE34B5 /* SwiftDataStructure */;
			targetProxy = 6D5932322C0D57C600DE34B5 /* PBXContainerItemProxy */;
		};
/* End PBXTargetDependency section */

/* Begin PBXVariantGroup section */
		6D59321F2C0D57C600DE34B5 /* LaunchScreen.storyboard */ = {
			isa = PBXVariantGroup;
			children = (
				6D5932202C0D57C600DE34B5 /* Base */,
			);
			name = LaunchScreen.storyboard;
			sourceTree = "<group>";
		};
/* End PBXVariantGroup section */

/* Begin XCBuildConfiguration section */
		6D5932392C0D57C600DE34B5 /* Debug */ = {
			isa = XCBuildConfiguration;
			buildSettings = {
				ALWAYS_SEARCH_USER_PATHS = NO;
				ASSETCATALOG_COMPILER_GENERATE_SWIFT_ASSET_SYMBOL_EXTENSIONS = YES;
				CLANG_ANALYZER_NONNULL = YES;
				CLANG_ANALYZER_NUMBER_OBJECT_CONVERSION = YES_AGGRESSIVE;
				CLANG_CXX_LANGUAGE_STANDARD = "gnu++20";
				CLANG_ENABLE_MODULES = YES;
				CLANG_ENABLE_OBJC_ARC = YES;
				CLANG_ENABLE_OBJC_WEAK = YES;
				CLANG_WARN_BLOCK_CAPTURE_AUTORELEASING = YES;
				CLANG_WARN_BOOL_CONVERSION = YES;
				CLANG_WARN_COMMA = YES;
				CLANG_WARN_CONSTANT_CONVERSION = YES;
				CLANG_WARN_DEPRECATED_OBJC_IMPLEMENTATIONS = YES;
				CLANG_WARN_DIRECT_OBJC_ISA_USAGE = YES_ERROR;
				CLANG_WARN_DOCUMENTATION_COMMENTS = YES;
				CLANG_WARN_EMPTY_BODY = YES;
				CLANG_WARN_ENUM_CONVERSION = YES;
				CLANG_WARN_INFINITE_RECURSION = YES;
				CLANG_WARN_INT_CONVERSION = YES;
				CLANG_WARN_NON_LITERAL_NULL_CONVERSION = YES;
				CLANG_WARN_OBJC_IMPLICIT_RETAIN_SELF = YES;
				CLANG_WARN_OBJC_LITERAL_CONVERSION = YES;
				CLANG_WARN_OBJC_ROOT_CLASS = YES_ERROR;
				CLANG_WARN_QUOTED_INCLUDE_IN_FRAMEWORK_HEADER = YES;
				CLANG_WARN_RANGE_LOOP_ANALYSIS = YES;
				CLANG_WARN_STRICT_PROTOTYPES = YES;
				CLANG_WARN_SUSPICIOUS_MOVE = YES;
				CLANG_WARN_UNGUARDED_AVAILABILITY = YES_AGGRESSIVE;
				CLANG_WARN_UNREACHABLE_CODE = YES;
				CLANG_WARN__DUPLICATE_METHOD_MATCH = YES;
				COPY_PHASE_STRIP = NO;
				DEBUG_INFORMATION_FORMAT = dwarf;
				ENABLE_STRICT_OBJC_MSGSEND = YES;
				ENABLE_TESTABILITY = YES;
				ENABLE_USER_SCRIPT_SANDBOXING = YES;
				GCC_C_LANGUAGE_STANDARD = gnu17;
				GCC_DYNAMIC_NO_PIC = NO;
				GCC_NO_COMMON_BLOCKS = YES;
				GCC_OPTIMIZATION_LEVEL = 0;
				GCC_PREPROCESSOR_DEFINITIONS = (
					"DEBUG=1",
					"$(inherited)",
				);
				GCC_WARN_64_TO_32_BIT_CONVERSION = YES;
				GCC_WARN_ABOUT_RETURN_TYPE = YES_ERROR;
				GCC_WARN_UNDECLARED_SELECTOR = YES;
				GCC_WARN_UNINITIALIZED_AUTOS = YES_AGGRESSIVE;
				GCC_WARN_UNUSED_FUNCTION = YES;
				GCC_WARN_UNUSED_VARIABLE = YES;
				IPHONEOS_DEPLOYMENT_TARGET = 17.2;
				LOCALIZATION_PREFERS_STRING_CATALOGS = YES;
				MTL_ENABLE_DEBUG_INFO = INCLUDE_SOURCE;
				MTL_FAST_MATH = YES;
				ONLY_ACTIVE_ARCH = YES;
				SDKROOT = iphoneos;
				SWIFT_ACTIVE_COMPILATION_CONDITIONS = "DEBUG $(inherited)";
				SWIFT_OPTIMIZATION_LEVEL = "-Onone";
			};
			name = Debug;
		};
		6D59323A2C0D57C600DE34B5 /* Release */ = {
			isa = XCBuildConfiguration;
			buildSettings = {
				ALWAYS_SEARCH_USER_PATHS = NO;
				ASSETCATALOG_COMPILER_GENERATE_SWIFT_ASSET_SYMBOL_EXTENSIONS = YES;
				CLANG_ANALYZER_NONNULL = YES;
				CLANG_ANALYZER_NUMBER_OBJECT_CONVERSION = YES_AGGRESSIVE;
				CLANG_CXX_LANGUAGE_STANDARD = "gnu++20";
				CLANG_ENABLE_MODULES = YES;
				CLANG_ENABLE_OBJC_ARC = YES;
				CLANG_ENABLE_OBJC_WEAK = YES;
				CLANG_WARN_BLOCK_CAPTURE_AUTORELEASING = YES;
				CLANG_WARN_BOOL_CONVERSION = YES;
				CLANG_WARN_COMMA = YES;
				CLANG_WARN_CONSTANT_CONVERSION = YES;
				CLANG_WARN_DEPRECATED_OBJC_IMPLEMENTATIONS = YES;
				CLANG_WARN_DIRECT_OBJC_ISA_USAGE = YES_ERROR;
				CLANG_WARN_DOCUMENTATION_COMMENTS = YES;
				CLANG_WARN_EMPTY_BODY = YES;
				CLANG_WARN_ENUM_CONVERSION = YES;
				CLANG_WARN_INFINITE_RECURSION = YES;
				CLANG_WARN_INT_CONVERSION = YES;
				CLANG_WARN_NON_LITERAL_NULL_CONVERSION = YES;
				CLANG_WARN_OBJC_IMPLICIT_RETAIN_SELF = YES;
				CLANG_WARN_OBJC_LITERAL_CONVERSION = YES;
				CLANG_WARN_OBJC_ROOT_CLASS = YES_ERROR;
				CLANG_WARN_QUOTED_INCLUDE_IN_FRAMEWORK_HEADER = YES;
				CLANG_WARN_RANGE_LOOP_ANALYSIS = YES;
				CLANG_WARN_STRICT_PROTOTYPES = YES;
				CLANG_WARN_SUSPICIOUS_MOVE = YES;
				CLANG_WARN_UNGUARDED_AVAILABILITY = YES_AGGRESSIVE;
				CLANG_WARN_UNREACHABLE_CODE = YES;
				CLANG_WARN__DUPLICATE_METHOD_MATCH = YES;
				COPY_PHASE_STRIP = NO;
				DEBUG_INFORMATION_FORMAT = "dwarf-with-dsym";
				ENABLE_NS_ASSERTIONS = NO;
				ENABLE_STRICT_OBJC_MSGSEND = YES;
				ENABLE_USER_SCRIPT_SANDBOXING = YES;
				GCC_C_LANGUAGE_STANDARD = gnu17;
				GCC_NO_COMMON_BLOCKS = YES;
				GCC_WARN_64_TO_32_BIT_CONVERSION = YES;
				GCC_WARN_ABOUT_RETURN_TYPE = YES_ERROR;
				GCC_WARN_UNDECLARED_SELECTOR = YES;
				GCC_WARN_UNINITIALIZED_AUTOS = YES_AGGRESSIVE;
				GCC_WARN_UNUSED_FUNCTION = YES;
				GCC_WARN_UNUSED_VARIABLE = YES;
				IPHONEOS_DEPLOYMENT_TARGET = 17.2;
				LOCALIZATION_PREFERS_STRING_CATALOGS = YES;
				MTL_ENABLE_DEBUG_INFO = NO;
				MTL_FAST_MATH = YES;
				SDKROOT = iphoneos;
				SWIFT_COMPILATION_MODE = wholemodule;
				VALIDATE_PRODUCT = YES;
			};
			name = Release;
		};
		6D59323C2C0D57C600DE34B5 /* Debug */ = {
			isa = XCBuildConfiguration;
			buildSettings = {
				ASSETCATALOG_COMPILER_APPICON_NAME = AppIcon;
				ASSETCATALOG_COMPILER_GLOBAL_ACCENT_COLOR_NAME = AccentColor;
				CODE_SIGN_STYLE = Automatic;
				CURRENT_PROJECT_VERSION = 1;
				DEVELOPMENT_TEAM = RQHZUCMHSH;
				GENERATE_INFOPLIST_FILE = YES;
				INFOPLIST_FILE = SwiftDataStructure/Info.plist;
				INFOPLIST_KEY_UIApplicationSupportsIndirectInputEvents = YES;
				INFOPLIST_KEY_UILaunchStoryboardName = LaunchScreen;
				INFOPLIST_KEY_UISupportedInterfaceOrientations_iPad = "UIInterfaceOrientationPortrait UIInterfaceOrientationPortraitUpsideDown UIInterfaceOrientationLandscapeLeft UIInterfaceOrientationLandscapeRight";
				INFOPLIST_KEY_UISupportedInterfaceOrientations_iPhone = "UIInterfaceOrientationPortrait UIInterfaceOrientationLandscapeLeft UIInterfaceOrientationLandscapeRight";
				LD_RUNPATH_SEARCH_PATHS = (
					"$(inherited)",
					"@executable_path/Frameworks",
				);
				MARKETING_VERSION = 1.0;
				PRODUCT_BUNDLE_IDENTIFIER = seungchan.SwiftDataStructure;
				PRODUCT_NAME = "$(TARGET_NAME)";
				SWIFT_EMIT_LOC_STRINGS = YES;
				SWIFT_VERSION = 5.0;
				TARGETED_DEVICE_FAMILY = "1,2";
			};
			name = Debug;
		};
		6D59323D2C0D57C600DE34B5 /* Release */ = {
			isa = XCBuildConfiguration;
			buildSettings = {
				ASSETCATALOG_COMPILER_APPICON_NAME = AppIcon;
				ASSETCATALOG_COMPILER_GLOBAL_ACCENT_COLOR_NAME = AccentColor;
				CODE_SIGN_STYLE = Automatic;
				CURRENT_PROJECT_VERSION = 1;
				DEVELOPMENT_TEAM = RQHZUCMHSH;
				GENERATE_INFOPLIST_FILE = YES;
				INFOPLIST_FILE = SwiftDataStructure/Info.plist;
				INFOPLIST_KEY_UIApplicationSupportsIndirectInputEvents = YES;
				INFOPLIST_KEY_UILaunchStoryboardName = LaunchScreen;
				INFOPLIST_KEY_UISupportedInterfaceOrientations_iPad = "UIInterfaceOrientationPortrait UIInterfaceOrientationPortraitUpsideDown UIInterfaceOrientationLandscapeLeft UIInterfaceOrientationLandscapeRight";
				INFOPLIST_KEY_UISupportedInterfaceOrientations_iPhone = "UIInterfaceOrientationPortrait UIInterfaceOrientationLandscapeLeft UIInterfaceOrientationLandscapeRight";
				LD_RUNPATH_SEARCH_PATHS = (
					"$(inherited)",
					"@executable_path/Frameworks",
				);
				MARKETING_VERSION = 1.0;
				PRODUCT_BUNDLE_IDENTIFIER = seungchan.SwiftDataStructure;
				PRODUCT_NAME = "$(TARGET_NAME)";
				SWIFT_EMIT_LOC_STRINGS = YES;
				SWIFT_VERSION = 5.0;
				TARGETED_DEVICE_FAMILY = "1,2";
			};
			name = Release;
		};
		6D59323F2C0D57C600DE34B5 /* Debug */ = {
			isa = XCBuildConfiguration;
			buildSettings = {
				ALWAYS_EMBED_SWIFT_STANDARD_LIBRARIES = YES;
				BUNDLE_LOADER = "$(TEST_HOST)";
				CODE_SIGN_STYLE = Automatic;
				CURRENT_PROJECT_VERSION = 1;
				DEVELOPMENT_TEAM = RQHZUCMHSH;
				GENERATE_INFOPLIST_FILE = YES;
				IPHONEOS_DEPLOYMENT_TARGET = 17.2;
				MARKETING_VERSION = 1.0;
				PRODUCT_BUNDLE_IDENTIFIER = seungchan.SwiftDataStructureTests;
				PRODUCT_NAME = "$(TARGET_NAME)";
				SWIFT_EMIT_LOC_STRINGS = NO;
				SWIFT_VERSION = 5.0;
				TARGETED_DEVICE_FAMILY = "1,2";
				TEST_HOST = "$(BUILT_PRODUCTS_DIR)/SwiftDataStructure.app/$(BUNDLE_EXECUTABLE_FOLDER_PATH)/SwiftDataStructure";
			};
			name = Debug;
		};
		6D5932402C0D57C600DE34B5 /* Release */ = {
			isa = XCBuildConfiguration;
			buildSettings = {
				ALWAYS_EMBED_SWIFT_STANDARD_LIBRARIES = YES;
				BUNDLE_LOADER = "$(TEST_HOST)";
				CODE_SIGN_STYLE = Automatic;
				CURRENT_PROJECT_VERSION = 1;
				DEVELOPMENT_TEAM = RQHZUCMHSH;
				GENERATE_INFOPLIST_FILE = YES;
				IPHONEOS_DEPLOYMENT_TARGET = 17.2;
				MARKETING_VERSION = 1.0;
				PRODUCT_BUNDLE_IDENTIFIER = seungchan.SwiftDataStructureTests;
				PRODUCT_NAME = "$(TARGET_NAME)";
				SWIFT_EMIT_LOC_STRINGS = NO;
				SWIFT_VERSION = 5.0;
				TARGETED_DEVICE_FAMILY = "1,2";
				TEST_HOST = "$(BUILT_PRODUCTS_DIR)/SwiftDataStructure.app/$(BUNDLE_EXECUTABLE_FOLDER_PATH)/SwiftDataStructure";
			};
			name = Release;
		};
		6D5932422C0D57C600DE34B5 /* Debug */ = {
			isa = XCBuildConfiguration;
			buildSettings = {
				ALWAYS_EMBED_SWIFT_STANDARD_LIBRARIES = YES;
				CODE_SIGN_STYLE = Automatic;
				CURRENT_PROJECT_VERSION = 1;
				DEVELOPMENT_TEAM = RQHZUCMHSH;
				GENERATE_INFOPLIST_FILE = YES;
				MARKETING_VERSION = 1.0;
				PRODUCT_BUNDLE_IDENTIFIER = seungchan.SwiftDataStructureUITests;
				PRODUCT_NAME = "$(TARGET_NAME)";
				SWIFT_EMIT_LOC_STRINGS = NO;
				SWIFT_VERSION = 5.0;
				TARGETED_DEVICE_FAMILY = "1,2";
				TEST_TARGET_NAME = SwiftDataStructure;
			};
			name = Debug;
		};
		6D5932432C0D57C600DE34B5 /* Release */ = {
			isa = XCBuildConfiguration;
			buildSettings = {
				ALWAYS_EMBED_SWIFT_STANDARD_LIBRARIES = YES;
				CODE_SIGN_STYLE = Automatic;
				CURRENT_PROJECT_VERSION = 1;
				DEVELOPMENT_TEAM = RQHZUCMHSH;
				GENERATE_INFOPLIST_FILE = YES;
				MARKETING_VERSION = 1.0;
				PRODUCT_BUNDLE_IDENTIFIER = seungchan.SwiftDataStructureUITests;
				PRODUCT_NAME = "$(TARGET_NAME)";
				SWIFT_EMIT_LOC_STRINGS = NO;
				SWIFT_VERSION = 5.0;
				TARGETED_DEVICE_FAMILY = "1,2";
				TEST_TARGET_NAME = SwiftDataStructure;
			};
			name = Release;
		};
/* End XCBuildConfiguration section */

/* Begin XCConfigurationList section */
		6D59320C2C0D57C500DE34B5 /* Build configuration list for PBXProject "SwiftDataStructure" */ = {
			isa = XCConfigurationList;
			buildConfigurations = (
				6D5932392C0D57C600DE34B5 /* Debug */,
				6D59323A2C0D57C600DE34B5 /* Release */,
			);
			defaultConfigurationIsVisible = 0;
			defaultConfigurationName = Release;
		};
		6D59323B2C0D57C600DE34B5 /* Build configuration list for PBXNativeTarget "SwiftDataStructure" */ = {
			isa = XCConfigurationList;
			buildConfigurations = (
				6D59323C2C0D57C600DE34B5 /* Debug */,
				6D59323D2C0D57C600DE34B5 /* Release */,
			);
			defaultConfigurationIsVisible = 0;
			defaultConfigurationName = Release;
		};
		6D59323E2C0D57C600DE34B5 /* Build configuration list for PBXNativeTarget "SwiftDataStructureTests" */ = {
			isa = XCConfigurationList;
			buildConfigurations = (
				6D59323F2C0D57C600DE34B5 /* Debug */,
				6D5932402C0D57C600DE34B5 /* Release */,
			);
			defaultConfigurationIsVisible = 0;
			defaultConfigurationName = Release;
		};
		6D5932412C0D57C600DE34B5 /* Build configuration list for PBXNativeTarget "SwiftDataStructureUITests" */ = {
			isa = XCConfigurationList;
			buildConfigurations = (
				6D5932422C0D57C600DE34B5 /* Debug */,
				6D5932432C0D57C600DE34B5 /* Release */,
			);
			defaultConfigurationIsVisible = 0;
			defaultConfigurationName = Release;
		};
/* End XCConfigurationList section */
	};
	rootObject = 6D5932092C0D57C500DE34B5 /* Project object */;
}
